
Microsoft Visual Studio Solution File, Format Version 12.00
# Visual Studio Version 16
VisualStudioVersion = 16.0.30523.141
MinimumVisualStudioVersion = 10.0.40219.1
Project("{FAE04EC0-301F-11D3-BF4B-00C04F79EFBC}") = "VIN_LIB", "VIN_LIB\VIN_LIB.csproj", "{9AADCFB4-5943-4708-8C13-AE7198944CCD}"
EndProject
Project("{FAE04EC0-301F-11D3-BF4B-00C04F79EFBC}") = "REG_MARK_LIB", "REG_MARK_LIB\REG_MARK_LIB.csproj", "{A42D17A0-03BF-4E5B-97FE-8113E38DAB2B}"
EndProject
Project("{FAE04EC0-301F-11D3-BF4B-00C04F79EFBC}") = "Data", "Data\Data.csproj", "{8C1C658C-CAFD-4A1C-97DF-89A8947FEA13}"
EndProject
Global
	GlobalSection(SolutionConfigurationPlatforms) = preSolution
		Debug|Any CPU = Debug|Any CPU
		Release|Any CPU = Release|Any CPU
	EndGlobalSection
	GlobalSection(ProjectConfigurationPlatforms) = postSolution
		{9AADCFB4-5943-4708-8C13-AE7198944CCD}.Debug|Any CPU.ActiveCfg = Debug|Any CPU
		{9AADCFB4-5943-4708-8C13-AE7198944CCD}.Debug|Any CPU.Build.0 = Debug|Any CPU
		{9AADCFB4-5943-4708-8C13-AE7198944CCD}.Release|Any CPU.ActiveCfg = Release|Any CPU
		{9AADCFB4-5943-4708-8C13-AE7198944CCD}.Release|Any CPU.Build.0 = Release|Any CPU
		{A42D17A0-03BF-4E5B-97FE-8113E38DAB2B}.Debug|Any CPU.ActiveCfg = Debug|Any CPU
		{A42D17A0-03BF-4E5B-97FE-8113E38DAB2B}.Debug|Any CPU.Build.0 = Debug|Any CPU
		{A42D17A0-03BF-4E5B-97FE-8113E38DAB2B}.Release|Any CPU.ActiveCfg = Release|Any CPU
		{A42D17A0-03BF-4E5B-97FE-8113E38DAB2B}.Release|Any CPU.Build.0 = Release|Any CPU
		{8C1C658C-CAFD-4A1C-97DF-89A8947FEA13}.Debug|Any CPU.ActiveCfg = Debug|Any CPU
		{8C1C658C-CAFD-4A1C-97DF-89A8947FEA13}.Debug|Any CPU.Build.0 = Debug|Any CPU
		{8C1C658C-CAFD-4A1C-97DF-89A8947FEA13}.Release|Any CPU.ActiveCfg = Release|Any CPU
		{8C1C658C-CAFD-4A1C-97DF-89A8947FEA13}.Release|Any CPU.Build.0 = Release|Any CPU
	EndGlobalSection
	GlobalSection(SolutionProperties) = preSolution
		HideSolutionNode = FALSE
	EndGlobalSection
	GlobalSection(ExtensibilityGlobals) = postSolution
		SolutionGuid = {329647F0-E9B8-463E-8816-BC9EAC0FD972}
	EndGlobalSection
EndGlobal
